PODS:
  - Alamofire (5.2.2)
  - AlamofireRSSParser (2.3.0):
    - Alamofire (~> 5.0)

DEPENDENCIES:
  - Alamofire (~> 5.2)
  - AlamofireRSSParser

SPEC REPOS:
  trunk:
    - Alamofire
    - AlamofireRSSParser

SPEC CHECKSUMS:
  Alamofire: 814429acc853c6c54ff123fc3d2ef66803823ce0
  AlamofireRSSParser: ced366c481685cb6ed24e6d50b7b7a5a47c2da6d

PODFILE CHECKSUM: 5a7b12655808998fab986664ed535cf9df76efc9

COCOAPODS: 1.9.1
